
Microsoft Visual Studio Solution File, Format Version 12.00
# Visual Studio Version 17
VisualStudioVersion = 17.8.34330.188
MinimumVisualStudioVersion = 10.0.40219.1
Project("{FAE04EC0-301F-11D3-BF4B-00C04F79EFBC}") = "Clothing Store", "Clothing Store\Clothing Store.csproj", "{E9E568F6-48F5-4F26-9548-AA7D4E63236D}"
EndProject
Global
	GlobalSection(SolutionConfigurationPlatforms) = preSolution
		Debug|Any CPU = Debug|Any CPU
		Release|Any CPU = Release|Any CPU
	EndGlobalSection
	GlobalSection(ProjectConfigurationPlatforms) = postSolution
		{E9E568F6-48F5-4F26-9548-AA7D4E63236D}.Debug|Any CPU.ActiveCfg = Debug|Any CPU
		{E9E568F6-48F5-4F26-9548-AA7D4E63236D}.Debug|Any CPU.Build.0 = Debug|Any CPU
		{E9E568F6-48F5-4F26-9548-AA7D4E63236D}.Release|Any CPU.ActiveCfg = Release|Any CPU
		{E9E568F6-48F5-4F26-9548-AA7D4E63236D}.Release|Any CPU.Build.0 = Release|Any CPU
	EndGlobalSection
	GlobalSection(SolutionProperties) = preSolution
		HideSolutionNode = FALSE
	EndGlobalSection
	GlobalSection(ExtensibilityGlobals) = postSolution
		SolutionGuid = {A2E67A59-D319-410E-AA59-B4335944035A}
	EndGlobalSection
EndGlobal
